{
  "name": "VideoCall",
  "version": "1.0.0",
  "lockfileVersion": 1,
  "requires": true,
  "dependencies": {
    "rtcpeerconnection-shim": {
      "version": "1.2.5",
      "resolved": "https://registry.npmjs.org/rtcpeerconnection-shim/-/rtcpeerconnection-shim-1.2.5.tgz",
      "integrity": "sha512-2oLVHZZMk/TsU9JqgrQYwdkOsDOeIalM3STqWjI1LtXrSrInHdig6CysSoTmEublMxnuy/F2i5NXE6tiIh9tZQ==",
      "requires": {
        "sdp": "2.5.0"
      }
    },
    "sdp": {
      "version": "2.5.0",
      "resolved": "https://registry.npmjs.org/sdp/-/sdp-2.5.0.tgz",
      "integrity": "sha512-4HT7gdxA+AZHl5LDdiLpagFKBS5qAKFYE71CPSNrr+2dCFg9iKXY4JSIhHKZHVnwJAzZ/4jA+z1nam4U+LoYug=="
    },
    "webrtc-adapter": {
      "version": "6.1.0",
      "resolved": "https://registry.npmjs.org/webrtc-adapter/-/webrtc-adapter-6.1.0.tgz",
      "integrity": "sha512-YEJUFCSO6wukwgjoXWTkKLMZzI06d9tm7qf3SdtNsvyTDk3cUTbv7KyM+iizyl1KzyrJreWzNve5w29pq+Dp/g==",
      "requires": {
        "rtcpeerconnection-shim": "1.2.5",
        "sdp": "2.5.0"
      }
    }
  }
}
